
Microsoft Visual Studio Solution File, Format Version 12.00
# Visual Studio 15
VisualStudioVersion = 15.0.27130.2027
MinimumVisualStudioVersion = 10.0.40219.1
Project("{FAE04EC0-301F-11D3-BF4B-00C04F79EFBC}") = "PlayWithInteger", "PlayWithInteger\PlayWithInteger.csproj", "{A6278ED6-847A-4A89-B8D9-FC78D86BB5AD}"
EndProject
Global
	GlobalSection(SolutionConfigurationPlatforms) = preSolution
		Debug|Any CPU = Debug|Any CPU
		Release|Any CPU = Release|Any CPU
	EndGlobalSection
	GlobalSection(ProjectConfigurationPlatforms) = postSolution
		{A6278ED6-847A-4A89-B8D9-FC78D86BB5AD}.Debug|Any CPU.ActiveCfg = Debug|Any CPU
		{A6278ED6-847A-4A89-B8D9-FC78D86BB5AD}.Debug|Any CPU.Build.0 = Debug|Any CPU
		{A6278ED6-847A-4A89-B8D9-FC78D86BB5AD}.Release|Any CPU.ActiveCfg = Release|Any CPU
		{A6278ED6-847A-4A89-B8D9-FC78D86BB5AD}.Release|Any CPU.Build.0 = Release|Any CPU
	EndGlobalSection
	GlobalSection(SolutionProperties) = preSolution
		HideSolutionNode = FALSE
	EndGlobalSection
	GlobalSection(ExtensibilityGlobals) = postSolution
		SolutionGuid = {609868A9-0D01-49CE-A9A5-D92CE9089B72}
	EndGlobalSection
EndGlobal
