
Microsoft Visual Studio Solution File, Format Version 12.00
# Visual Studio 15
VisualStudioVersion = 15.0.28010.2019
MinimumVisualStudioVersion = 10.0.40219.1
Project("{00D1A9C2-B5F0-4AF3-8072-F6C62B433612}") = "CinemaDB", "CinemaDB\CinemaDB.sqlproj", "{292AF5A9-A24C-4649-9116-44FE264A0F4D}"
EndProject
Global
	GlobalSection(SolutionConfigurationPlatforms) = preSolution
		Debug|Any CPU = Debug|Any CPU
		Release|Any CPU = Release|Any CPU
	EndGlobalSection
	GlobalSection(ProjectConfigurationPlatforms) = postSolution
		{292AF5A9-A24C-4649-9116-44FE264A0F4D}.Debug|Any CPU.ActiveCfg = Debug|Any CPU
		{292AF5A9-A24C-4649-9116-44FE264A0F4D}.Debug|Any CPU.Build.0 = Debug|Any CPU
		{292AF5A9-A24C-4649-9116-44FE264A0F4D}.Debug|Any CPU.Deploy.0 = Debug|Any CPU
		{292AF5A9-A24C-4649-9116-44FE264A0F4D}.Release|Any CPU.ActiveCfg = Release|Any CPU
		{292AF5A9-A24C-4649-9116-44FE264A0F4D}.Release|Any CPU.Build.0 = Release|Any CPU
		{292AF5A9-A24C-4649-9116-44FE264A0F4D}.Release|Any CPU.Deploy.0 = Release|Any CPU
	EndGlobalSection
	GlobalSection(SolutionProperties) = preSolution
		HideSolutionNode = FALSE
	EndGlobalSection
	GlobalSection(ExtensibilityGlobals) = postSolution
		SolutionGuid = {F41D2E33-EE1F-4648-B9CD-B4F9AEC52051}
	EndGlobalSection
EndGlobal
